// !$*UTF8*$!
{
	archiveVersion = 1;
	classes = {
	};
	objectVersion = 48;
	objects = {

/* Begin PBXBuildFile section */
		9878E73F20536D11000FEF6D /* AppDelegate.m in Sources */ = {isa = PBXBuildFile; fileRef = 9878E73E20536D11000FEF6D /* AppDelegate.m */; };
		9878E74220536D11000FEF6D /* ViewController.m in Sources */ = {isa = PBXBuildFile; fileRef = 9878E74120536D11000FEF6D /* ViewController.m */; };
		9878E74520536D11000FEF6D /* Main.storyboard in Resources */ = {isa = PBXBuildFile; fileRef = 9878E74320536D11000FEF6D /* Main.storyboard */; };
		9878E74720536D11000FEF6D /* Assets.xcassets in Resources */ = {isa = PBXBuildFile; fileRef = 9878E74620536D11000FEF6D /* Assets.xcassets */; };
		9878E74A20536D11000FEF6D /* LaunchScreen.storyboard in Resources */ = {isa = PBXBuildFile; fileRef = 9878E74820536D11000FEF6D /* LaunchScreen.storyboard */; };
		9878E74D20536D11000FEF6D /* main.m in Sources */ = {isa = PBXBuildFile; fileRef = 9878E74C20536D11000FEF6D /* main.m */; };
		9878E75720536D12000FEF6D /* iOSNetWorkingTests.m in Sources */ = {isa = PBXBuildFile; fileRef = 9878E75620536D12000FEF6D /* iOSNetWorkingTests.m */; };
		9878E76220536D12000FEF6D /* iOSNetWorkingUITests.m in Sources */ = {isa = PBXBuildFile; fileRef = 9878E76120536D12000FEF6D /* iOSNetWorkingUITests.m */; };
/* End PBXBuildFile section */

/* Begin PBXContainerItemProxy section */
		9878E75320536D12000FEF6D /* PBXContainerItemProxy */ = {
			isa = PBXContainerItemProxy;
			containerPortal = 9878E73220536D11000FEF6D /* Project object */;
			proxyType = 1;
			remoteGlobalIDString = 9878E73920536D11000FEF6D;
			remoteInfo = iOSNetWorking;
		};
		9878E75E20536D12000FEF6D /* PBXContainerItemProxy */ = {
			isa = PBXContainerItemProxy;
			containerPortal = 9878E73220536D11000FEF6D /* Project object */;
			proxyType = 1;
			remoteGlobalIDString = 9878E73920536D11000FEF6D;
			remoteInfo = iOSNetWorking;
		};
/* End PBXContainerItemProxy section */

/* Begin PBXFileReference section */
		9878E73A20536D11000FEF6D /* iOSNetWorking.app */ = {isa = PBXFileReference; explicitFileType = wrapper.application; includeInIndex = 0; path = iOSNetWorking.app; sourceTree = BUILT_PRODUCTS_DIR; };
		9878E73D20536D11000FEF6D /* AppDelegate.h */ = {isa = PBXFileReference; lastKnownFileType = sourcecode.c.h; path = AppDelegate.h; sourceTree = "<group>"; };
		9878E73E20536D11000FEF6D /* AppDelegate.m */ = {isa = PBXFileReference; lastKnownFileType = sourcecode.c.objc; path = AppDelegate.m; sourceTree = "<group>"; };
		9878E74020536D11000FEF6D /* ViewController.h */ = {isa = PBXFileReference; lastKnownFileType = sourcecode.c.h; path = ViewController.h; sourceTree = "<group>"; };
		9878E74120536D11000FEF6D /* ViewController.m */ = {isa = PBXFileReference; lastKnownFileType = sourcecode.c.objc; path = ViewController.m; sourceTree = "<group>"; };
		9878E74420536D11000FEF6D /* Base */ = {isa = PBXFileReference; lastKnownFileType = file.storyboard; name = Base; path = Base.lproj/Main.storyboard; sourceTree = "<group>"; };
		9878E74620536D11000FEF6D /* Assets.xcassets */ = {isa = PBXFileReference; lastKnownFileType = folder.assetcatalog; path = Assets.xcassets; sourceTree = "<group>"; };
		9878E74920536D11000FEF6D /* Base */ = {isa = PBXFileReference; lastKnownFileType = file.storyboard; name = Base; path = Base.lproj/LaunchScreen.storyboard; sourceTree = "<group>"; };
		9878E74B20536D11000FEF6D /* Info.plist */ = {isa = PBXFileReference; lastKnownFileType = text.plist.xml; path = Info.plist; sourceTree = "<group>"; };
		9878E74C20536D11000FEF6D /* main.m */ = {isa = PBXFileReference; lastKnownFileType = sourcecode.c.objc; path = main.m; sourceTree = "<group>"; };
		9878E75220536D12000FEF6D /* iOSNetWorkingTests.xctest */ = {isa = PBXFileReference; explicitFileType = wrapper.cfbundle; includeInIndex = 0; path = iOSNetWorkingTests.xctest; sourceTree = BUILT_PRODUCTS_DIR; };
		9878E75620536D12000FEF6D /* iOSNetWorkingTests.m */ = {isa = PBXFileReference; lastKnownFileType = sourcecode.c.objc; path = iOSNetWorkingTests.m; sourceTree = "<group>"; };
		9878E75820536D12000FEF6D /* Info.plist */ = {isa = PBXFileReference; lastKnownFileType = text.plist.xml; path = Info.plist; sourceTree = "<group>"; };
		9878E75D20536D12000FEF6D /* iOSNetWorkingUITests.xctest */ = {isa = PBXFileReference; explicitFileType = wrapper.cfbundle; includeInIndex = 0; path = iOSNetWorkingUITests.xctest; sourceTree = BUILT_PRODUCTS_DIR; };
		9878E76120536D12000FEF6D /* iOSNetWorkingUITests.m */ = {isa = PBXFileReference; lastKnownFileType = sourcecode.c.objc; path = iOSNetWorkingUITests.m; sourceTree = "<group>"; };
		9878E76320536D12000FEF6D /* Info.plist */ = {isa = PBXFileReference; lastKnownFileType = text.plist.xml; path = Info.plist; sourceTree = "<group>"; };
/* End PBXFileReference section */

/* Begin PBXFrameworksBuildPhase section */
		9878E73720536D11000FEF6D /* Frameworks */ = {
			isa = PBXFrameworksBuildPhase;
			buildActionMask = 2147483647;
			files = (
			);
			runOnlyForDeploymentPostprocessing = 0;
		};
		9878E74F20536D12000FEF6D /* Frameworks */ = {
			isa = PBXFrameworksBuildPhase;
			buildActionMask = 2147483647;
			files = (
			);
			runOnlyForDeploymentPostprocessing = 0;
		};
		9878E75A20536D12000FEF6D /* Frameworks */ = {
			isa = PBXFrameworksBuildPhase;
			buildActionMask = 2147483647;
			files = (
			);
			runOnlyForDeploymentPostprocessing = 0;
		};
/* End PBXFrameworksBuildPhase section */

/* Begin PBXGroup section */
		9878E73120536D11000FEF6D = {
			isa = PBXGroup;
			children = (
				9878E73C20536D11000FEF6D /* iOSNetWorking */,
				9878E75520536D12000FEF6D /* iOSNetWorkingTests */,
				9878E76020536D12000FEF6D /* iOSNetWorkingUITests */,
				9878E73B20536D11000FEF6D /* Products */,
			);
			sourceTree = "<group>";
		};
		9878E73B20536D11000FEF6D /* Products */ = {
			isa = PBXGroup;
			children = (
				9878E73A20536D11000FEF6D /* iOSNetWorking.app */,
				9878E75220536D12000FEF6D /* iOSNetWorkingTests.xctest */,
				9878E75D20536D12000FEF6D /* iOSNetWorkingUITests.xctest */,
			);
			name = Products;
			sourceTree = "<group>";
		};
		9878E73C20536D11000FEF6D /* iOSNetWorking */ = {
			isa = PBXGroup;
			children = (
				9878E73D20536D11000FEF6D /* AppDelegate.h */,
				9878E73E20536D11000FEF6D /* AppDelegate.m */,
				9878E74020536D11000FEF6D /* ViewController.h */,
				9878E74120536D11000FEF6D /* ViewController.m */,
				9878E74320536D11000FEF6D /* Main.storyboard */,
				9878E74620536D11000FEF6D /* Assets.xcassets */,
				9878E74820536D11000FEF6D /* LaunchScreen.storyboard */,
				9878E74B20536D11000FEF6D /* Info.plist */,
				9878E74C20536D11000FEF6D /* main.m */,
			);
			path = iOSNetWorking;
			sourceTree = "<group>";
		};
		9878E75520536D12000FEF6D /* iOSNetWorkingTests */ = {
			isa = PBXGroup;
			children = (
				9878E75620536D12000FEF6D /* iOSNetWorkingTests.m */,
				9878E75820536D12000FEF6D /* Info.plist */,
			);
			path = iOSNetWorkingTests;
			sourceTree = "<group>";
		};
		9878E76020536D12000FEF6D /* iOSNetWorkingUITests */ = {
			isa = PBXGroup;
			children = (
				9878E76120536D12000FEF6D /* iOSNetWorkingUITests.m */,
				9878E76320536D12000FEF6D /* Info.plist */,
			);
			path = iOSNetWorkingUITests;
			sourceTree = "<group>";
		};
/* End PBXGroup section */

/* Begin PBXNativeTarget section */
		9878E73920536D11000FEF6D /* iOSNetWorking */ = {
			isa = PBXNativeTarget;
			buildConfigurationList = 9878E76620536D12000FEF6D /* Build configuration list for PBXNativeTarget "iOSNetWorking" */;
			buildPhases = (
				9878E73620536D11000FEF6D /* Sources */,
				9878E73720536D11000FEF6D /* Frameworks */,
				9878E73820536D11000FEF6D /* Resources */,
			);
			buildRules = (
			);
			dependencies = (
			);
			name = iOSNetWorking;
			productName = iOSNetWorking;
			productReference = 9878E73A20536D11000FEF6D /* iOSNetWorking.app */;
			productType = "com.apple.product-type.application";
		};
		9878E75120536D12000FEF6D /* iOSNetWorkingTests */ = {
			isa = PBXNativeTarget;
			buildConfigurationList = 9878E76920536D12000FEF6D /* Build configuration list for PBXNativeTarget "iOSNetWorkingTests" */;
			buildPhases = (
				9878E74E20536D12000FEF6D /* Sources */,
				9878E74F20536D12000FEF6D /* Frameworks */,
				9878E75020536D12000FEF6D /* Resources */,
			);
			buildRules = (
			);
			dependencies = (
				9878E75420536D12000FEF6D /* PBXTargetDependency */,
			);
			name = iOSNetWorkingTests;
			productName = iOSNetWorkingTests;
			productReference = 9878E75220536D12000FEF6D /* iOSNetWorkingTests.xctest */;
			productType = "com.apple.product-type.bundle.unit-test";
		};
		9878E75C20536D12000FEF6D /* iOSNetWorkingUITests */ = {
			isa = PBXNativeTarget;
			buildConfigurationList = 9878E76C20536D12000FEF6D /* Build configuration list for PBXNativeTarget "iOSNetWorkingUITests" */;
			buildPhases = (
				9878E75920536D12000FEF6D /* Sources */,
				9878E75A20536D12000FEF6D /* Frameworks */,
				9878E75B20536D12000FEF6D /* Resources */,
			);
			buildRules = (
			);
			dependencies = (
				9878E75F20536D12000FEF6D /* PBXTargetDependency */,
			);
			name = iOSNetWorkingUITests;
			productName = iOSNetWorkingUITests;
			productReference = 9878E75D20536D12000FEF6D /* iOSNetWorkingUITests.xctest */;
			productType = "com.apple.product-type.bundle.ui-testing";
		};
/* End PBXNativeTarget section */

/* Begin PBXProject section */
		9878E73220536D11000FEF6D /* Project object */ = {
			isa = PBXProject;
			attributes = {
				LastUpgradeCheck = 0910;
				ORGANIZATIONNAME = ShenHua;
				TargetAttributes = {
					9878E73920536D11000FEF6D = {
						CreatedOnToolsVersion = 9.1;
						ProvisioningStyle = Automatic;
					};
					9878E75120536D12000FEF6D = {
						CreatedOnToolsVersion = 9.1;
						ProvisioningStyle = Automatic;
						TestTargetID = 9878E73920536D11000FEF6D;
					};
					9878E75C20536D12000FEF6D = {
						CreatedOnToolsVersion = 9.1;
						ProvisioningStyle = Automatic;
						TestTargetID = 9878E73920536D11000FEF6D;
					};
				};
			};
			buildConfigurationList = 9878E73520536D11000FEF6D /* Build configuration list for PBXProject "iOSNetWorking" */;
			compatibilityVersion = "Xcode 8.0";
			developmentRegion = en;
			hasScannedForEncodings = 0;
			knownRegions = (
				en,
				Base,
			);
			mainGroup = 9878E73120536D11000FEF6D;
			productRefGroup = 9878E73B20536D11000FEF6D /* Products */;
			projectDirPath = "";
			projectRoot = "";
			targets = (
				9878E73920536D11000FEF6D /* iOSNetWorking */,
				9878E75120536D12000FEF6D /* iOSNetWorkingTests */,
				9878E75C20536D12000FEF6D /* iOSNetWorkingUITests */,
			);
		};
/* End PBXProject section */

/* Begin PBXResourcesBuildPhase section */
		9878E73820536D11000FEF6D /* Resources */ = {
			isa = PBXResourcesBuildPhase;
			buildActionMask = 2147483647;
			files = (
				9878E74A20536D11000FEF6D /* LaunchScreen.storyboard in Resources */,
				9878E74720536D11000FEF6D /* Assets.xcassets in Resources */,
				9878E74520536D11000FEF6D /* Main.storyboard in Resources */,
			);
			runOnlyForDeploymentPostprocessing = 0;
		};
		9878E75020536D12000FEF6D /* Resources */ = {
			isa = PBXResourcesBuildPhase;
			buildActionMask = 2147483647;
			files = (
			);
			runOnlyForDeploymentPostprocessing = 0;
		};
		9878E75B20536D12000FEF6D /* Resources */ = {
			isa = PBXResourcesBuildPhase;
			buildActionMask = 2147483647;
			files = (
			);
			runOnlyForDeploymentPostprocessing = 0;
		};
/* End PBXResourcesBuildPhase section */

/* Begin PBXSourcesBuildPhase section */
		9878E73620536D11000FEF6D /* Sources */ = {
			isa = PBXSourcesBuildPhase;
			buildActionMask = 2147483647;
			files = (
				9878E74220536D11000FEF6D /* ViewController.m in Sources */,
				9878E74D20536D11000FEF6D /* main.m in Sources */,
				9878E73F20536D11000FEF6D /* AppDelegate.m in Sources */,
			);
			runOnlyForDeploymentPostprocessing = 0;
		};
		9878E74E20536D12000FEF6D /* Sources */ = {
			isa = PBXSourcesBuildPhase;
			buildActionMask = 2147483647;
			files = (
				9878E75720536D12000FEF6D /* iOSNetWorkingTests.m in Sources */,
			);
			runOnlyForDeploymentPostprocessing = 0;
		};
		9878E75920536D12000FEF6D /* Sources */ = {
			isa = PBXSourcesBuildPhase;
			buildActionMask = 2147483647;
			files = (
				9878E76220536D12000FEF6D /* iOSNetWorkingUITests.m in Sources */,
			);
			runOnlyForDeploymentPostprocessing = 0;
		};
/* End PBXSourcesBuildPhase section */

/* Begin PBXTargetDependency section */
		9878E75420536D12000FEF6D /* PBXTargetDependency */ = {
			isa = PBXTargetDependency;
			target = 9878E73920536D11000FEF6D /* iOSNetWorking */;
			targetProxy = 9878E75320536D12000FEF6D /* PBXContainerItemProxy */;
		};
		9878E75F20536D12000FEF6D /* PBXTargetDependency */ = {
			isa = PBXTargetDependency;
			target = 9878E73920536D11000FEF6D /* iOSNetWorking */;
			targetProxy = 9878E75E20536D12000FEF6D /* PBXContainerItemProxy */;
		};
/* End PBXTargetDependency section */

/* Begin PBXVariantGroup section */
		9878E74320536D11000FEF6D /* Main.storyboard */ = {
			isa = PBXVariantGroup;
			children = (
				9878E74420536D11000FEF6D /* Base */,
			);
			name = Main.storyboard;
			sourceTree = "<group>";
		};
		9878E74820536D11000FEF6D /* LaunchScreen.storyboard */ = {
			isa = PBXVariantGroup;
			children = (
				9878E74920536D11000FEF6D /* Base */,
			);
			name = LaunchScreen.storyboard;
			sourceTree = "<group>";
		};
/* End PBXVariantGroup section */

/* Begin XCBuildConfiguration section */
		9878E76420536D12000FEF6D /* Debug */ = {
			isa = XCBuildConfiguration;
			buildSettings = {
				ALWAYS_SEARCH_USER_PATHS = NO;
				CLANG_ANALYZER_NONNULL = YES;
				CLANG_ANALYZER_NUMBER_OBJECT_CONVERSION = YES_AGGRESSIVE;
				CLANG_CXX_LANGUAGE_STANDARD = "gnu++14";
				CLANG_CXX_LIBRARY = "libc++";
				CLANG_ENABLE_MODULES = YES;
				CLANG_ENABLE_OBJC_ARC = YES;
				CLANG_WARN_BLOCK_CAPTURE_AUTORELEASING = YES;
				CLANG_WARN_BOOL_CONVERSION = YES;
				CLANG_WARN_COMMA = YES;
				CLANG_WARN_CONSTANT_CONVERSION = YES;
				CLANG_WARN_DIRECT_OBJC_ISA_USAGE = YES_ERROR;
				CLANG_WARN_DOCUMENTATION_COMMENTS = YES;
				CLANG_WARN_EMPTY_BODY = YES;
				CLANG_WARN_ENUM_CONVERSION = YES;
				CLANG_WARN_INFINITE_RECURSION = YES;
				CLANG_WARN_INT_CONVERSION = YES;
				CLANG_WARN_NON_LITERAL_NULL_CONVERSION = YES;
				CLANG_WARN_OBJC_LITERAL_CONVERSION = YES;
				CLANG_WARN_OBJC_ROOT_CLASS = YES_ERROR;
				CLANG_WARN_RANGE_LOOP_ANALYSIS = YES;
				CLANG_WARN_STRICT_PROTOTYPES = YES;
				CLANG_WARN_SUSPICIOUS_MOVE = YES;
				CLANG_WARN_UNGUARDED_AVAILABILITY = YES_AGGRESSIVE;
				CLANG_WARN_UNREACHABLE_CODE = YES;
				CLANG_WARN__DUPLICATE_METHOD_MATCH = YES;
				CODE_SIGN_IDENTITY = "iPhone Developer";
				COPY_PHASE_STRIP = NO;
				DEBUG_INFORMATION_FORMAT = dwarf;
				ENABLE_STRICT_OBJC_MSGSEND = YES;
				ENABLE_TESTABILITY = YES;
				GCC_C_LANGUAGE_STANDARD = gnu11;
				GCC_DYNAMIC_NO_PIC = NO;
				GCC_NO_COMMON_BLOCKS = YES;
				GCC_OPTIMIZATION_LEVEL = 0;
				GCC_PREPROCESSOR_DEFINITIONS = (
					"DEBUG=1",
					"$(inherited)",
				);
				GCC_WARN_64_TO_32_BIT_CONVERSION = YES;
				GCC_WARN_ABOUT_RETURN_TYPE = YES_ERROR;
				GCC_WARN_UNDECLARED_SELECTOR = YES;
				GCC_WARN_UNINITIALIZED_AUTOS = YES_AGGRESSIVE;
				GCC_WARN_UNUSED_FUNCTION = YES;
				GCC_WARN_UNUSED_VARIABLE = YES;
				IPHONEOS_DEPLOYMENT_TARGET = 11.1;
				MTL_ENABLE_DEBUG_INFO = YES;
				ONLY_ACTIVE_ARCH = YES;
				SDKROOT = iphoneos;
			};
			name = Debug;
		};
		9878E76520536D12000FEF6D /* Release */ = {
			isa = XCBuildConfiguration;
			buildSettings = {
				ALWAYS_SEARCH_USER_PATHS = NO;
				CLANG_ANALYZER_NONNULL = YES;
				CLANG_ANALYZER_NUMBER_OBJECT_CONVERSION = YES_AGGRESSIVE;
				CLANG_CXX_LANGUAGE_STANDARD = "gnu++14";
				CLANG_CXX_LIBRARY = "libc++";
				CLANG_ENABLE_MODULES = YES;
				CLANG_ENABLE_OBJC_ARC = YES;
				CLANG_WARN_BLOCK_CAPTURE_AUTORELEASING = YES;
				CLANG_WARN_BOOL_CONVERSION = YES;
				CLANG_WARN_COMMA = YES;
				CLANG_WARN_CONSTANT_CONVERSION = YES;
				CLANG_WARN_DIRECT_OBJC_ISA_USAGE = YES_ERROR;
				CLANG_WARN_DOCUMENTATION_COMMENTS = YES;
				CLANG_WARN_EMPTY_BODY = YES;
				CLANG_WARN_ENUM_CONVERSION = YES;
				CLANG_WARN_INFINITE_RECURSION = YES;
				CLANG_WARN_INT_CONVERSION = YES;
				CLANG_WARN_NON_LITERAL_NULL_CONVERSION = YES;
				CLANG_WARN_OBJC_LITERAL_CONVERSION = YES;
				CLANG_WARN_OBJC_ROOT_CLASS = YES_ERROR;
				CLANG_WARN_RANGE_LOOP_ANALYSIS = YES;
				CLANG_WARN_STRICT_PROTOTYPES = YES;
				CLANG_WARN_SUSPICIOUS_MOVE = YES;
				CLANG_WARN_UNGUARDED_AVAILABILITY = YES_AGGRESSIVE;
				CLANG_WARN_UNREACHABLE_CODE = YES;
				CLANG_WARN__DUPLICATE_METHOD_MATCH = YES;
				CODE_SIGN_IDENTITY = "iPhone Developer";
				COPY_PHASE_STRIP = NO;
				DEBUG_INFORMATION_FORMAT = "dwarf-with-dsym";
				ENABLE_NS_ASSERTIONS = NO;
				ENABLE_STRICT_OBJC_MSGSEND = YES;
				GCC_C_LANGUAGE_STANDARD = gnu11;
				GCC_NO_COMMON_BLOCKS = YES;
				GCC_WARN_64_TO_32_BIT_CONVERSION = YES;
				GCC_WARN_ABOUT_RETURN_TYPE = YES_ERROR;
				GCC_WARN_UNDECLARED_SELECTOR = YES;
				GCC_WARN_UNINITIALIZED_AUTOS = YES_AGGRESSIVE;
				GCC_WARN_UNUSED_FUNCTION = YES;
				GCC_WARN_UNUSED_VARIABLE = YES;
				IPHONEOS_DEPLOYMENT_TARGET = 11.1;
				MTL_ENABLE_DEBUG_INFO = NO;
				SDKROOT = iphoneos;
				VALIDATE_PRODUCT = YES;
			};
			name = Release;
		};
		9878E76720536D12000FEF6D /* Debug */ = {
			isa = XCBuildConfiguration;
			buildSettings = {
				ASSETCATALOG_COMPILER_APPICON_NAME = AppIcon;
				CODE_SIGN_STYLE = Automatic;
				DEVELOPMENT_TEAM = 22F7KC67T3;
				INFOPLIST_FILE = iOSNetWorking/Info.plist;
				LD_RUNPATH_SEARCH_PATHS = "$(inherited) @executable_path/Frameworks";
				PRODUCT_BUNDLE_IDENTIFIER = ShenHua.iOSNetWorking;
				PRODUCT_NAME = "$(TARGET_NAME)";
				TARGETED_DEVICE_FAMILY = "1,2";
			};
			name = Debug;
		};
		9878E76820536D12000FEF6D /* Release */ = {
			isa = XCBuildConfiguration;
			buildSettings = {
				ASSETCATALOG_COMPILER_APPICON_NAME = AppIcon;
				CODE_SIGN_STYLE = Automatic;
				DEVELOPMENT_TEAM = 22F7KC67T3;
				INFOPLIST_FILE = iOSNetWorking/Info.plist;
				LD_RUNPATH_SEARCH_PATHS = "$(inherited) @executable_path/Frameworks";
				PRODUCT_BUNDLE_IDENTIFIER = ShenHua.iOSNetWorking;
				PRODUCT_NAME = "$(TARGET_NAME)";
				TARGETED_DEVICE_FAMILY = "1,2";
			};
			name = Release;
		};
		9878E76A20536D12000FEF6D /* Debug */ = {
			isa = XCBuildConfiguration;
			buildSettings = {
				BUNDLE_LOADER = "$(TEST_HOST)";
				CODE_SIGN_STYLE = Automatic;
				DEVELOPMENT_TEAM = 22F7KC67T3;
				INFOPLIST_FILE = iOSNetWorkingTests/Info.plist;
				LD_RUNPATH_SEARCH_PATHS = "$(inherited) @executable_path/Frameworks @loader_path/Frameworks";
				PRODUCT_BUNDLE_IDENTIFIER = ShenHua.iOSNetWorkingTests;
				PRODUCT_NAME = "$(TARGET_NAME)";
				TARGETED_DEVICE_FAMILY = "1,2";
				TEST_HOST = "$(BUILT_PRODUCTS_DIR)/iOSNetWorking.app/iOSNetWorking";
			};
			name = Debug;
		};
		9878E76B20536D12000FEF6D /* Release */ = {
			isa = XCBuildConfiguration;
			buildSettings = {
				BUNDLE_LOADER = "$(TEST_HOST)";
				CODE_SIGN_STYLE = Automatic;
				DEVELOPMENT_TEAM = 22F7KC67T3;
				INFOPLIST_FILE = iOSNetWorkingTests/Info.plist;
				LD_RUNPATH_SEARCH_PATHS = "$(inherited) @executable_path/Frameworks @loader_path/Frameworks";
				PRODUCT_BUNDLE_IDENTIFIER = ShenHua.iOSNetWorkingTests;
				PRODUCT_NAME = "$(TARGET_NAME)";
				TARGETED_DEVICE_FAMILY = "1,2";
				TEST_HOST = "$(BUILT_PRODUCTS_DIR)/iOSNetWorking.app/iOSNetWorking";
			};
			name = Release;
		};
		9878E76D20536D12000FEF6D /* Debug */ = {
			isa = XCBuildConfiguration;
			buildSettings = {
				CODE_SIGN_STYLE = Automatic;
				DEVELOPMENT_TEAM = 22F7KC67T3;
				INFOPLIST_FILE = iOSNetWorkingUITests/Info.plist;
				LD_RUNPATH_SEARCH_PATHS = "$(inherited) @executable_path/Frameworks @loader_path/Frameworks";
				PRODUCT_BUNDLE_IDENTIFIER = ShenHua.iOSNetWorkingUITests;
				PRODUCT_NAME = "$(TARGET_NAME)";
				TARGETED_DEVICE_FAMILY = "1,2";
				TEST_TARGET_NAME = iOSNetWorking;
			};
			name = Debug;
		};
		9878E76E20536D12000FEF6D /* Release */ = {
			isa = XCBuildConfiguration;
			buildSettings = {
				CODE_SIGN_STYLE = Automatic;
				DEVELOPMENT_TEAM = 22F7KC67T3;
				INFOPLIST_FILE = iOSNetWorkingUITests/Info.plist;
				LD_RUNPATH_SEARCH_PATHS = "$(inherited) @executable_path/Frameworks @loader_path/Frameworks";
				PRODUCT_BUNDLE_IDENTIFIER = ShenHua.iOSNetWorkingUITests;
				PRODUCT_NAME = "$(TARGET_NAME)";
				TARGETED_DEVICE_FAMILY = "1,2";
				TEST_TARGET_NAME = iOSNetWorking;
			};
			name = Release;
		};
/* End XCBuildConfiguration section */

/* Begin XCConfigurationList section */
		9878E73520536D11000FEF6D /* Build configuration list for PBXProject "iOSNetWorking" */ = {
			isa = XCConfigurationList;
			buildConfigurations = (
				9878E76420536D12000FEF6D /* Debug */,
				9878E76520536D12000FEF6D /* Release */,
			);
			defaultConfigurationIsVisible = 0;
			defaultConfigurationName = Release;
		};
		9878E76620536D12000FEF6D /* Build configuration list for PBXNativeTarget "iOSNetWorking" */ = {
			isa = XCConfigurationList;
			buildConfigurations = (
				9878E76720536D12000FEF6D /* Debug */,
				9878E76820536D12000FEF6D /* Release */,
			);
			defaultConfigurationIsVisible = 0;
			defaultConfigurationName = Release;
		};
		9878E76920536D12000FEF6D /* Build configuration list for PBXNativeTarget "iOSNetWorkingTests" */ = {
			isa = XCConfigurationList;
			buildConfigurations = (
				9878E76A20536D12000FEF6D /* Debug */,
				9878E76B20536D12000FEF6D /* Release */,
			);
			defaultConfigurationIsVisible = 0;
			defaultConfigurationName = Release;
		};
		9878E76C20536D12000FEF6D /* Build configuration list for PBXNativeTarget "iOSNetWorkingUITests" */ = {
			isa = XCConfigurationList;
			buildConfigurations = (
				9878E76D20536D12000FEF6D /* Debug */,
				9878E76E20536D12000FEF6D /* Release */,
			);
			defaultConfigurationIsVisible = 0;
			defaultConfigurationName = Release;
		};
/* End XCConfigurationList section */
	};
	rootObject = 9878E73220536D11000FEF6D /* Project object */;
}
